// !$*UTF8*$!
{
	archiveVersion = 1;
	classes = {
	};
	objectVersion = 50;
	objects = {

/* Begin PBXBuildFile section */
		012F1C1E2680A3D2001B43A5 /* ContentView.swift in Sources */ = {isa = PBXBuildFile; fileRef = 012F1C1D2680A3D2001B43A5 /* ContentView.swift */; };
		012F1C202680A3D3001B43A5 /* Assets.xcassets in Resources */ = {isa = PBXBuildFile; fileRef = 012F1C1F2680A3D3001B43A5 /* Assets.xcassets */; };
		012F1C232680A3D3001B43A5 /* Preview Assets.xcassets in Resources */ = {isa = PBXBuildFile; fileRef = 012F1C222680A3D3001B43A5 /* Preview Assets.xcassets */; };
		012F1C262680A3D3001B43A5 /* LaunchScreen.storyboard in Resources */ = {isa = PBXBuildFile; fileRef = 012F1C242680A3D3001B43A5 /* LaunchScreen.storyboard */; };
		012F1C352680A596001B43A5 /* SceneDelegate.swift in Sources */ = {isa = PBXBuildFile; fileRef = 012F1C332680A596001B43A5 /* SceneDelegate.swift */; };
		012F1C362680A596001B43A5 /* AppDelegate.swift in Sources */ = {isa = PBXBuildFile; fileRef = 012F1C342680A596001B43A5 /* AppDelegate.swift */; };
		0196596126831AB500825C7E /* LogoView.swift in Sources */ = {isa = PBXBuildFile; fileRef = 0196596026831AB500825C7E /* LogoView.swift */; };
		0196596426831AD000825C7E /* ReelView.swift in Sources */ = {isa = PBXBuildFile; fileRef = 0196596326831AD000825C7E /* ReelView.swift */; };
		0196596726831AE700825C7E /* InfoView.swift in Sources */ = {isa = PBXBuildFile; fileRef = 0196596626831AE700825C7E /* InfoView.swift */; };
		0196596A26831AFD00825C7E /* Modifiers.swift in Sources */ = {isa = PBXBuildFile; fileRef = 0196596926831AFD00825C7E /* Modifiers.swift */; };
		0196596D26831B1800825C7E /* Extensions.swift in Sources */ = {isa = PBXBuildFile; fileRef = 0196596C26831B1800825C7E /* Extensions.swift */; };
		0196597026831B2C00825C7E /* PlaySound.swift in Sources */ = {isa = PBXBuildFile; fileRef = 0196596F26831B2C00825C7E /* PlaySound.swift */; };
		01BB0C272681B76A002E7D2D /* casino-chips.mp3 in Resources */ = {isa = PBXBuildFile; fileRef = 01BB0C1F2681B768002E7D2D /* casino-chips.mp3 */; };
		01BB0C282681B76A002E7D2D /* spin.mp3 in Resources */ = {isa = PBXBuildFile; fileRef = 01BB0C202681B769002E7D2D /* spin.mp3 */; };
		01BB0C292681B76A002E7D2D /* chimeup.mp3 in Resources */ = {isa = PBXBuildFile; fileRef = 01BB0C212681B769002E7D2D /* chimeup.mp3 */; };
		01BB0C2A2681B76A002E7D2D /* high-score.mp3 in Resources */ = {isa = PBXBuildFile; fileRef = 01BB0C222681B769002E7D2D /* high-score.mp3 */; };
		01BB0C2B2681B76A002E7D2D /* background-music.mp3 in Resources */ = {isa = PBXBuildFile; fileRef = 01BB0C232681B769002E7D2D /* background-music.mp3 */; };
		01BB0C2C2681B76A002E7D2D /* win.mp3 in Resources */ = {isa = PBXBuildFile; fileRef = 01BB0C242681B76A002E7D2D /* win.mp3 */; };
		01BB0C2D2681B76A002E7D2D /* riseup.mp3 in Resources */ = {isa = PBXBuildFile; fileRef = 01BB0C252681B76A002E7D2D /* riseup.mp3 */; };
		01BB0C2E2681B76A002E7D2D /* game-over.mp3 in Resources */ = {isa = PBXBuildFile; fileRef = 01BB0C262681B76A002E7D2D /* game-over.mp3 */; };
/* End PBXBuildFile section */

/* Begin PBXFileReference section */
		012F1C162680A3D2001B43A5 /* Slot Machine.app */ = {isa = PBXFileReference; explicitFileType = wrapper.application; includeInIndex = 0; path = "Slot Machine.app"; sourceTree = BUILT_PRODUCTS_DIR; };
		012F1C1D2680A3D2001B43A5 /* ContentView.swift */ = {isa = PBXFileReference; lastKnownFileType = sourcecode.swift; path = ContentView.swift; sourceTree = "<group>"; };
		012F1C1F2680A3D3001B43A5 /* Assets.xcassets */ = {isa = PBXFileReference; lastKnownFileType = folder.assetcatalog; path = Assets.xcassets; sourceTree = "<group>"; };
		012F1C222680A3D3001B43A5 /* Preview Assets.xcassets */ = {isa = PBXFileReference; lastKnownFileType = folder.assetcatalog; path = "Preview Assets.xcassets"; sourceTree = "<group>"; };
		012F1C252680A3D3001B43A5 /* Base */ = {isa = PBXFileReference; lastKnownFileType = file.storyboard; name = Base; path = Base.lproj/LaunchScreen.storyboard; sourceTree = "<group>"; };
		012F1C272680A3D3001B43A5 /* Info.plist */ = {isa = PBXFileReference; lastKnownFileType = text.plist.xml; path = Info.plist; sourceTree = "<group>"; };
		012F1C332680A596001B43A5 /* SceneDelegate.swift */ = {isa = PBXFileReference; fileEncoding = 4; lastKnownFileType = sourcecode.swift; path = SceneDelegate.swift; sourceTree = "<group>"; };
		012F1C342680A596001B43A5 /* AppDelegate.swift */ = {isa = PBXFileReference; fileEncoding = 4; lastKnownFileType = sourcecode.swift; path = AppDelegate.swift; sourceTree = "<group>"; };
		0196596026831AB500825C7E /* LogoView.swift */ = {isa = PBXFileReference; lastKnownFileType = sourcecode.swift; path = LogoView.swift; sourceTree = "<group>"; };
		0196596326831AD000825C7E /* ReelView.swift */ = {isa = PBXFileReference; lastKnownFileType = sourcecode.swift; path = ReelView.swift; sourceTree = "<group>"; };
		0196596626831AE700825C7E /* InfoView.swift */ = {isa = PBXFileReference; lastKnownFileType = sourcecode.swift; path = InfoView.swift; sourceTree = "<group>"; };
		0196596926831AFD00825C7E /* Modifiers.swift */ = {isa = PBXFileReference; lastKnownFileType = sourcecode.swift; path = Modifiers.swift; sourceTree = "<group>"; };
		0196596C26831B1800825C7E /* Extensions.swift */ = {isa = PBXFileReference; lastKnownFileType = sourcecode.swift; path = Extensions.swift; sourceTree = "<group>"; };
		0196596F26831B2C00825C7E /* PlaySound.swift */ = {isa = PBXFileReference; lastKnownFileType = sourcecode.swift; path = PlaySound.swift; sourceTree = "<group>"; };
		01BB0C1F2681B768002E7D2D /* casino-chips.mp3 */ = {isa = PBXFileReference; lastKnownFileType = audio.mp3; path = "casino-chips.mp3"; sourceTree = "<group>"; };
		01BB0C202681B769002E7D2D /* spin.mp3 */ = {isa = PBXFileReference; lastKnownFileType = audio.mp3; path = spin.mp3; sourceTree = "<group>"; };
		01BB0C212681B769002E7D2D /* chimeup.mp3 */ = {isa = PBXFileReference; lastKnownFileType = audio.mp3; path = chimeup.mp3; sourceTree = "<group>"; };
		01BB0C222681B769002E7D2D /* high-score.mp3 */ = {isa = PBXFileReference; lastKnownFileType = audio.mp3; path = "high-score.mp3"; sourceTree = "<group>"; };
		01BB0C232681B769002E7D2D /* background-music.mp3 */ = {isa = PBXFileReference; lastKnownFileType = audio.mp3; path = "background-music.mp3"; sourceTree = "<group>"; };
		01BB0C242681B76A002E7D2D /* win.mp3 */ = {isa = PBXFileReference; lastKnownFileType = audio.mp3; path = win.mp3; sourceTree = "<group>"; };
		01BB0C252681B76A002E7D2D /* riseup.mp3 */ = {isa = PBXFileReference; lastKnownFileType = audio.mp3; path = riseup.mp3; sourceTree = "<group>"; };
		01BB0C262681B76A002E7D2D /* game-over.mp3 */ = {isa = PBXFileReference; lastKnownFileType = audio.mp3; path = "game-over.mp3"; sourceTree = "<group>"; };
/* End PBXFileReference section */

/* Begin PBXFrameworksBuildPhase section */
		012F1C132680A3D2001B43A5 /* Frameworks */ = {
			isa = PBXFrameworksBuildPhase;
			buildActionMask = 2147483647;
			files = (
			);
			runOnlyForDeploymentPostprocessing = 0;
		};
/* End PBXFrameworksBuildPhase section */

/* Begin PBXGroup section */
		012F1C0D2680A3D2001B43A5 = {
			isa = PBXGroup;
			children = (
				012F1C182680A3D2001B43A5 /* Slot Machine */,
				012F1C172680A3D2001B43A5 /* Products */,
			);
			sourceTree = "<group>";
		};
		012F1C172680A3D2001B43A5 /* Products */ = {
			isa = PBXGroup;
			children = (
				012F1C162680A3D2001B43A5 /* Slot Machine.app */,
			);
			name = Products;
			sourceTree = "<group>";
		};
		012F1C182680A3D2001B43A5 /* Slot Machine */ = {
			isa = PBXGroup;
			children = (
				01BB0C1C2681B734002E7D2D /* Views */,
				01BB0C1E2681B74F002E7D2D /* Helpers */,
				01BB0C1D2681B73F002E7D2D /* Sounds */,
				012F1C342680A596001B43A5 /* AppDelegate.swift */,
				012F1C332680A596001B43A5 /* SceneDelegate.swift */,
				012F1C1F2680A3D3001B43A5 /* Assets.xcassets */,
				012F1C242680A3D3001B43A5 /* LaunchScreen.storyboard */,
				012F1C272680A3D3001B43A5 /* Info.plist */,
				012F1C212680A3D3001B43A5 /* Preview Content */,
			);
			path = "Slot Machine";
			sourceTree = "<group>";
		};
		012F1C212680A3D3001B43A5 /* Preview Content */ = {
			isa = PBXGroup;
			children = (
				012F1C222680A3D3001B43A5 /* Preview Assets.xcassets */,
			);
			path = "Preview Content";
			sourceTree = "<group>";
		};
		01BB0C1C2681B734002E7D2D /* Views */ = {
			isa = PBXGroup;
			children = (
				012F1C1D2680A3D2001B43A5 /* ContentView.swift */,
				0196596026831AB500825C7E /* LogoView.swift */,
				0196596326831AD000825C7E /* ReelView.swift */,
				0196596626831AE700825C7E /* InfoView.swift */,
			);
			path = Views;
			sourceTree = "<group>";
		};
		01BB0C1D2681B73F002E7D2D /* Sounds */ = {
			isa = PBXGroup;
			children = (
				01BB0C232681B769002E7D2D /* background-music.mp3 */,
				01BB0C1F2681B768002E7D2D /* casino-chips.mp3 */,
				01BB0C212681B769002E7D2D /* chimeup.mp3 */,
				01BB0C262681B76A002E7D2D /* game-over.mp3 */,
				01BB0C222681B769002E7D2D /* high-score.mp3 */,
				01BB0C252681B76A002E7D2D /* riseup.mp3 */,
				01BB0C202681B769002E7D2D /* spin.mp3 */,
				01BB0C242681B76A002E7D2D /* win.mp3 */,
			);
			path = Sounds;
			sourceTree = "<group>";
		};
		01BB0C1E2681B74F002E7D2D /* Helpers */ = {
			isa = PBXGroup;
			children = (
				0196596926831AFD00825C7E /* Modifiers.swift */,
				0196596C26831B1800825C7E /* Extensions.swift */,
				0196596F26831B2C00825C7E /* PlaySound.swift */,
			);
			path = Helpers;
			sourceTree = "<group>";
		};
/* End PBXGroup section */

/* Begin PBXNativeTarget section */
		012F1C152680A3D2001B43A5 /* Slot Machine */ = {
			isa = PBXNativeTarget;
			buildConfigurationList = 012F1C2A2680A3D3001B43A5 /* Build configuration list for PBXNativeTarget "Slot Machine" */;
			buildPhases = (
				012F1C122680A3D2001B43A5 /* Sources */,
				012F1C132680A3D2001B43A5 /* Frameworks */,
				012F1C142680A3D2001B43A5 /* Resources */,
			);
			buildRules = (
			);
			dependencies = (
			);
			name = "Slot Machine";
			productName = "Slot Machine";
			productReference = 012F1C162680A3D2001B43A5 /* Slot Machine.app */;
			productType = "com.apple.product-type.application";
		};
/* End PBXNativeTarget section */

/* Begin PBXProject section */
		012F1C0E2680A3D2001B43A5 /* Project object */ = {
			isa = PBXProject;
			attributes = {
				LastSwiftUpdateCheck = 1240;
				LastUpgradeCheck = 1240;
				TargetAttributes = {
					012F1C152680A3D2001B43A5 = {
						CreatedOnToolsVersion = 12.4;
					};
				};
			};
			buildConfigurationList = 012F1C112680A3D2001B43A5 /* Build configuration list for PBXProject "Slot Machine" */;
			compatibilityVersion = "Xcode 9.3";
			developmentRegion = en;
			hasScannedForEncodings = 0;
			knownRegions = (
				en,
				Base,
			);
			mainGroup = 012F1C0D2680A3D2001B43A5;
			productRefGroup = 012F1C172680A3D2001B43A5 /* Products */;
			projectDirPath = "";
			projectRoot = "";
			targets = (
				012F1C152680A3D2001B43A5 /* Slot Machine */,
			);
		};
/* End PBXProject section */

/* Begin PBXResourcesBuildPhase section */
		012F1C142680A3D2001B43A5 /* Resources */ = {
			isa = PBXResourcesBuildPhase;
			buildActionMask = 2147483647;
			files = (
				01BB0C2C2681B76A002E7D2D /* win.mp3 in Resources */,
				01BB0C2B2681B76A002E7D2D /* background-music.mp3 in Resources */,
				01BB0C2A2681B76A002E7D2D /* high-score.mp3 in Resources */,
				01BB0C292681B76A002E7D2D /* chimeup.mp3 in Resources */,
				012F1C262680A3D3001B43A5 /* LaunchScreen.storyboard in Resources */,
				01BB0C282681B76A002E7D2D /* spin.mp3 in Resources */,
				01BB0C2E2681B76A002E7D2D /* game-over.mp3 in Resources */,
				012F1C232680A3D3001B43A5 /* Preview Assets.xcassets in Resources */,
				012F1C202680A3D3001B43A5 /* Assets.xcassets in Resources */,
				01BB0C2D2681B76A002E7D2D /* riseup.mp3 in Resources */,
				01BB0C272681B76A002E7D2D /* casino-chips.mp3 in Resources */,
			);
			runOnlyForDeploymentPostprocessing = 0;
		};
/* End PBXResourcesBuildPhase section */

/* Begin PBXSourcesBuildPhase section */
		012F1C122680A3D2001B43A5 /* Sources */ = {
			isa = PBXSourcesBuildPhase;
			buildActionMask = 2147483647;
			files = (
				012F1C362680A596001B43A5 /* AppDelegate.swift in Sources */,
				0196597026831B2C00825C7E /* PlaySound.swift in Sources */,
				0196596126831AB500825C7E /* LogoView.swift in Sources */,
				0196596A26831AFD00825C7E /* Modifiers.swift in Sources */,
				0196596D26831B1800825C7E /* Extensions.swift in Sources */,
				0196596426831AD000825C7E /* ReelView.swift in Sources */,
				012F1C1E2680A3D2001B43A5 /* ContentView.swift in Sources */,
				0196596726831AE700825C7E /* InfoView.swift in Sources */,
				012F1C352680A596001B43A5 /* SceneDelegate.swift in Sources */,
			);
			runOnlyForDeploymentPostprocessing = 0;
		};
/* End PBXSourcesBuildPhase section */

/* Begin PBXVariantGroup section */
		012F1C242680A3D3001B43A5 /* LaunchScreen.storyboard */ = {
			isa = PBXVariantGroup;
			children = (
				012F1C252680A3D3001B43A5 /* Base */,
			);
			name = LaunchScreen.storyboard;
			sourceTree = "<group>";
		};
/* End PBXVariantGroup section */

/* Begin XCBuildConfiguration section */
		012F1C282680A3D3001B43A5 /* Debug */ = {
			isa = XCBuildConfiguration;
			buildSettings = {
				ALWAYS_SEARCH_USER_PATHS = NO;
				CLANG_ANALYZER_NONNULL = YES;
				CLANG_ANALYZER_NUMBER_OBJECT_CONVERSION = YES_AGGRESSIVE;
				CLANG_CXX_LANGUAGE_STANDARD = "gnu++14";
				CLANG_CXX_LIBRARY = "libc++";
				CLANG_ENABLE_MODULES = YES;
				CLANG_ENABLE_OBJC_ARC = YES;
				CLANG_ENABLE_OBJC_WEAK = YES;
				CLANG_WARN_BLOCK_CAPTURE_AUTORELEASING = YES;
				CLANG_WARN_BOOL_CONVERSION = YES;
				CLANG_WARN_COMMA = YES;
				CLANG_WARN_CONSTANT_CONVERSION = YES;
				CLANG_WARN_DEPRECATED_OBJC_IMPLEMENTATIONS = YES;
				CLANG_WARN_DIRECT_OBJC_ISA_USAGE = YES_ERROR;
				CLANG_WARN_DOCUMENTATION_COMMENTS = YES;
				CLANG_WARN_EMPTY_BODY = YES;
				CLANG_WARN_ENUM_CONVERSION = YES;
				CLANG_WARN_INFINITE_RECURSION = YES;
				CLANG_WARN_INT_CONVERSION = YES;
				CLANG_WARN_NON_LITERAL_NULL_CONVERSION = YES;
				CLANG_WARN_OBJC_IMPLICIT_RETAIN_SELF = YES;
				CLANG_WARN_OBJC_LITERAL_CONVERSION = YES;
				CLANG_WARN_OBJC_ROOT_CLASS = YES_ERROR;
				CLANG_WARN_QUOTED_INCLUDE_IN_FRAMEWORK_HEADER = YES;
				CLANG_WARN_RANGE_LOOP_ANALYSIS = YES;
				CLANG_WARN_STRICT_PROTOTYPES = YES;
				CLANG_WARN_SUSPICIOUS_MOVE = YES;
				CLANG_WARN_UNGUARDED_AVAILABILITY = YES_AGGRESSIVE;
				CLANG_WARN_UNREACHABLE_CODE = YES;
				CLANG_WARN__DUPLICATE_METHOD_MATCH = YES;
				COPY_PHASE_STRIP = NO;
				DEBUG_INFORMATION_FORMAT = dwarf;
				ENABLE_STRICT_OBJC_MSGSEND = YES;
				ENABLE_TESTABILITY = YES;
				GCC_C_LANGUAGE_STANDARD = gnu11;
				GCC_DYNAMIC_NO_PIC = NO;
				GCC_NO_COMMON_BLOCKS = YES;
				GCC_OPTIMIZATION_LEVEL = 0;
				GCC_PREPROCESSOR_DEFINITIONS = (
					"DEBUG=1",
					"$(inherited)",
				);
				GCC_WARN_64_TO_32_BIT_CONVERSION = YES;
				GCC_WARN_ABOUT_RETURN_TYPE = YES_ERROR;
				GCC_WARN_UNDECLARED_SELECTOR = YES;
				GCC_WARN_UNINITIALIZED_AUTOS = YES_AGGRESSIVE;
				GCC_WARN_UNUSED_FUNCTION = YES;
				GCC_WARN_UNUSED_VARIABLE = YES;
				IPHONEOS_DEPLOYMENT_TARGET = 14.4;
				MTL_ENABLE_DEBUG_INFO = INCLUDE_SOURCE;
				MTL_FAST_MATH = YES;
				ONLY_ACTIVE_ARCH = YES;
				SDKROOT = iphoneos;
				SWIFT_ACTIVE_COMPILATION_CONDITIONS = DEBUG;
				SWIFT_OPTIMIZATION_LEVEL = "-Onone";
			};
			name = Debug;
		};
		012F1C292680A3D3001B43A5 /* Release */ = {
			isa = XCBuildConfiguration;
			buildSettings = {
				ALWAYS_SEARCH_USER_PATHS = NO;
				CLANG_ANALYZER_NONNULL = YES;
				CLANG_ANALYZER_NUMBER_OBJECT_CONVERSION = YES_AGGRESSIVE;
				CLANG_CXX_LANGUAGE_STANDARD = "gnu++14";
				CLANG_CXX_LIBRARY = "libc++";
				CLANG_ENABLE_MODULES = YES;
				CLANG_ENABLE_OBJC_ARC = YES;
				CLANG_ENABLE_OBJC_WEAK = YES;
				CLANG_WARN_BLOCK_CAPTURE_AUTORELEASING = YES;
				CLANG_WARN_BOOL_CONVERSION = YES;
				CLANG_WARN_COMMA = YES;
				CLANG_WARN_CONSTANT_CONVERSION = YES;
				CLANG_WARN_DEPRECATED_OBJC_IMPLEMENTATIONS = YES;
				CLANG_WARN_DIRECT_OBJC_ISA_USAGE = YES_ERROR;
				CLANG_WARN_DOCUMENTATION_COMMENTS = YES;
				CLANG_WARN_EMPTY_BODY = YES;
				CLANG_WARN_ENUM_CONVERSION = YES;
				CLANG_WARN_INFINITE_RECURSION = YES;
				CLANG_WARN_INT_CONVERSION = YES;
				CLANG_WARN_NON_LITERAL_NULL_CONVERSION = YES;
				CLANG_WARN_OBJC_IMPLICIT_RETAIN_SELF = YES;
				CLANG_WARN_OBJC_LITERAL_CONVERSION = YES;
				CLANG_WARN_OBJC_ROOT_CLASS = YES_ERROR;
				CLANG_WARN_QUOTED_INCLUDE_IN_FRAMEWORK_HEADER = YES;
				CLANG_WARN_RANGE_LOOP_ANALYSIS = YES;
				CLANG_WARN_STRICT_PROTOTYPES = YES;
				CLANG_WARN_SUSPICIOUS_MOVE = YES;
				CLANG_WARN_UNGUARDED_AVAILABILITY = YES_AGGRESSIVE;
				CLANG_WARN_UNREACHABLE_CODE = YES;
				CLANG_WARN__DUPLICATE_METHOD_MATCH = YES;
				COPY_PHASE_STRIP = NO;
				DEBUG_INFORMATION_FORMAT = "dwarf-with-dsym";
				ENABLE_NS_ASSERTIONS = NO;
				ENABLE_STRICT_OBJC_MSGSEND = YES;
				GCC_C_LANGUAGE_STANDARD = gnu11;
				GCC_NO_COMMON_BLOCKS = YES;
				GCC_WARN_64_TO_32_BIT_CONVERSION = YES;
				GCC_WARN_ABOUT_RETURN_TYPE = YES_ERROR;
				GCC_WARN_UNDECLARED_SELECTOR = YES;
				GCC_WARN_UNINITIALIZED_AUTOS = YES_AGGRESSIVE;
				GCC_WARN_UNUSED_FUNCTION = YES;
				GCC_WARN_UNUSED_VARIABLE = YES;
				IPHONEOS_DEPLOYMENT_TARGET = 14.4;
				MTL_ENABLE_DEBUG_INFO = NO;
				MTL_FAST_MATH = YES;
				SDKROOT = iphoneos;
				SWIFT_COMPILATION_MODE = wholemodule;
				SWIFT_OPTIMIZATION_LEVEL = "-O";
				VALIDATE_PRODUCT = YES;
			};
			name = Release;
		};
		012F1C2B2680A3D3001B43A5 /* Debug */ = {
			isa = XCBuildConfiguration;
			buildSettings = {
				ASSETCATALOG_COMPILER_APPICON_NAME = AppIcon;
				ASSETCATALOG_COMPILER_GLOBAL_ACCENT_COLOR_NAME = AccentColor;
				CODE_SIGN_STYLE = Automatic;
				DEVELOPMENT_ASSET_PATHS = "\"Slot Machine/Preview Content\"";
				DEVELOPMENT_TEAM = 3G46N5JLN2;
				ENABLE_PREVIEWS = YES;
				INFOPLIST_FILE = "Slot Machine/Info.plist";
				LD_RUNPATH_SEARCH_PATHS = (
					"$(inherited)",
					"@executable_path/Frameworks",
				);
				PRODUCT_BUNDLE_IDENTIFIER = "com.bitdegree.Slot-Machine";
				PRODUCT_NAME = "$(TARGET_NAME)";
				SWIFT_VERSION = 5.0;
				TARGETED_DEVICE_FAMILY = "1,2";
			};
			name = Debug;
		};
		012F1C2C2680A3D3001B43A5 /* Release */ = {
			isa = XCBuildConfiguration;
			buildSettings = {
				ASSETCATALOG_COMPILER_APPICON_NAME = AppIcon;
				ASSETCATALOG_COMPILER_GLOBAL_ACCENT_COLOR_NAME = AccentColor;
				CODE_SIGN_STYLE = Automatic;
				DEVELOPMENT_ASSET_PATHS = "\"Slot Machine/Preview Content\"";
				DEVELOPMENT_TEAM = 3G46N5JLN2;
				ENABLE_PREVIEWS = YES;
				INFOPLIST_FILE = "Slot Machine/Info.plist";
				LD_RUNPATH_SEARCH_PATHS = (
					"$(inherited)",
					"@executable_path/Frameworks",
				);
				PRODUCT_BUNDLE_IDENTIFIER = "com.bitdegree.Slot-Machine";
				PRODUCT_NAME = "$(TARGET_NAME)";
				SWIFT_VERSION = 5.0;
				TARGETED_DEVICE_FAMILY = "1,2";
			};
			name = Release;
		};
/* End XCBuildConfiguration section */

/* Begin XCConfigurationList section */
		012F1C112680A3D2001B43A5 /* Build configuration list for PBXProject "Slot Machine" */ = {
			isa = XCConfigurationList;
			buildConfigurations = (
				012F1C282680A3D3001B43A5 /* Debug */,
				012F1C292680A3D3001B43A5 /* Release */,
			);
			defaultConfigurationIsVisible = 0;
			defaultConfigurationName = Release;
		};
		012F1C2A2680A3D3001B43A5 /* Build configuration list for PBXNativeTarget "Slot Machine" */ = {
			isa = XCConfigurationList;
			buildConfigurations = (
				012F1C2B2680A3D3001B43A5 /* Debug */,
				012F1C2C2680A3D3001B43A5 /* Release */,
			);
			defaultConfigurationIsVisible = 0;
			defaultConfigurationName = Release;
		};
/* End XCConfigurationList section */
	};
	rootObject = 012F1C0E2680A3D2001B43A5 /* Project object */;
}
